
Microsoft Visual Studio Solution File, Format Version 12.00
# Visual Studio Version 17
VisualStudioVersion = 17.5.33516.290
MinimumVisualStudioVersion = 10.0.40219.1
Project("{9A19103F-16F7-4668-BE54-9A1E7A4F7556}") = "MyBookShopUI", "MyBookShopUI\MyBookShopUI.csproj", "{BABDC636-7B34-4C50-8D79-5B708B8A1264}"
EndProject
Project("{FAE04EC0-301F-11D3-BF4B-00C04F79EFBC}") = "MyBookShopService", "MyBookShopService\MyBookShopService.csproj", "{92B4C80B-080E-4E53-9577-80E79143398C}"
EndProject
Global
	GlobalSection(SolutionConfigurationPlatforms) = preSolution
		Debug|Any CPU = Debug|Any CPU
		Release|Any CPU = Release|Any CPU
	EndGlobalSection
	GlobalSection(ProjectConfigurationPlatforms) = postSolution
		{BABDC636-7B34-4C50-8D79-5B708B8A1264}.Debug|Any CPU.ActiveCfg = Debug|Any CPU
		{BABDC636-7B34-4C50-8D79-5B708B8A1264}.Debug|Any CPU.Build.0 = Debug|Any CPU
		{BABDC636-7B34-4C50-8D79-5B708B8A1264}.Release|Any CPU.ActiveCfg = Release|Any CPU
		{BABDC636-7B34-4C50-8D79-5B708B8A1264}.Release|Any CPU.Build.0 = Release|Any CPU
		{92B4C80B-080E-4E53-9577-80E79143398C}.Debug|Any CPU.ActiveCfg = Debug|Any CPU
		{92B4C80B-080E-4E53-9577-80E79143398C}.Debug|Any CPU.Build.0 = Debug|Any CPU
		{92B4C80B-080E-4E53-9577-80E79143398C}.Release|Any CPU.ActiveCfg = Release|Any CPU
		{92B4C80B-080E-4E53-9577-80E79143398C}.Release|Any CPU.Build.0 = Release|Any CPU
	EndGlobalSection
	GlobalSection(SolutionProperties) = preSolution
		HideSolutionNode = FALSE
	EndGlobalSection
	GlobalSection(ExtensibilityGlobals) = postSolution
		SolutionGuid = {D50DC645-4B8F-4C42-9A8E-DC3DD00560DF}
	EndGlobalSection
EndGlobal
